
Microsoft Visual Studio Solution File, Format Version 12.00
# Visual Studio Version 16
VisualStudioVersion = 16.0.29509.3
MinimumVisualStudioVersion = 10.0.40219.1
Project("{8BC9CEB8-8B4A-11D0-8D11-00A0C91BC942}") = "pe_it_parser", "pe_it_parser\pe_it_parser.vcxproj", "{45A89621-B21D-45E7-BF30-1B595879C933}"
EndProject
Global
	GlobalSection(SolutionConfigurationPlatforms) = preSolution
		Debug|x64 = Debug|x64
		Debug|x86 = Debug|x86
		Release|x64 = Release|x64
		Release|x86 = Release|x86
	EndGlobalSection
	GlobalSection(ProjectConfigurationPlatforms) = postSolution
		{45A89621-B21D-45E7-BF30-1B595879C933}.Debug|x64.ActiveCfg = Debug|x64
		{45A89621-B21D-45E7-BF30-1B595879C933}.Debug|x64.Build.0 = Debug|x64
		{45A89621-B21D-45E7-BF30-1B595879C933}.Debug|x86.ActiveCfg = Debug|Win32
		{45A89621-B21D-45E7-BF30-1B595879C933}.Debug|x86.Build.0 = Debug|Win32
		{45A89621-B21D-45E7-BF30-1B595879C933}.Release|x64.ActiveCfg = Release|x64
		{45A89621-B21D-45E7-BF30-1B595879C933}.Release|x64.Build.0 = Release|x64
		{45A89621-B21D-45E7-BF30-1B595879C933}.Release|x86.ActiveCfg = Release|Win32
		{45A89621-B21D-45E7-BF30-1B595879C933}.Release|x86.Build.0 = Release|Win32
	EndGlobalSection
	GlobalSection(SolutionProperties) = preSolution
		HideSolutionNode = FALSE
	EndGlobalSection
	GlobalSection(ExtensibilityGlobals) = postSolution
		SolutionGuid = {2F5EC4AE-CCE4-468D-BAFA-CF946F1FDF7D}
	EndGlobalSection
EndGlobal
